{
    "_readme": [
        "This file locks the dependencies of your project to a known state",
        "Read more about it at https://getcomposer.org/doc/01-basic-usage.md#composer-lock-the-lock-file",
        "This file is @generated automatically"
    ],
    "hash": "1c117794a9e64258eed1a4305e2fffed",
    "packages": [
        {
            "name": "akrabat/rka-slim-controller",
            "version": "2.0.1",
            "source": {
                "type": "git",
                "url": "https://github.com/akrabat/rka-slim-controller.git",
                "reference": "7115f082a91af83fd22755e8d2d27e9fcffc636b"
            },
            "dist": {
                "type": "zip",
                "url": "https://api.github.com/repos/akrabat/rka-slim-controller/zipball/7115f082a91af83fd22755e8d2d27e9fcffc636b",
                "reference": "7115f082a91af83fd22755e8d2d27e9fcffc636b",
                "shasum": ""
            },
            "require": {
                "php": ">=5.4",
                "slim/slim": "~2.4"
            },
            "type": "library",
            "autoload": {
                "psr-4": {
                    "RKA\\": "RKA"
                }
            },
            "notification-url": "https://packagist.org/downloads/",
            "license": [
                "BSD-3-Clause"
            ],
            "authors": [
                {
                    "name": "Rob Allen",
                    "email": "rob@akrabat.com",
                    "homepage": "http://akrabat.com"
                }
            ],
            "description": "Dynamically instantiated controller classes for Slim Framework",
            "homepage": "http://github.com/akrabat/rka-slim-controller",
            "keywords": [
                "controller",
                "slim"
            ],
            "time": "2015-01-07 09:54:54"
        },
        {
            "name": "firebase/php-jwt",
            "version": "v3.0.0",
            "source": {
                "type": "git",
                "url": "https://github.com/firebase/php-jwt.git",
                "reference": "fa8a06e96526eb7c0eeaa47e4f39be59d21f16e1"
            },
            "dist": {
                "type": "zip",
                "url": "https://api.github.com/repos/firebase/php-jwt/zipball/fa8a06e96526eb7c0eeaa47e4f39be59d21f16e1",
                "reference": "fa8a06e96526eb7c0eeaa47e4f39be59d21f16e1",
                "shasum": ""
            },
            "require": {
                "php": ">=5.3.0"
            },
            "type": "library",
            "autoload": {
                "psr-4": {
                    "Firebase\\JWT\\": "src"
                }
            },
            "notification-url": "https://packagist.org/downloads/",
            "license": [
                "BSD-3-Clause"
            ],
            "authors": [
                {
                    "name": "Neuman Vong",
                    "email": "neuman+pear@twilio.com",
                    "role": "Developer"
                },
                {
                    "name": "Anant Narayanan",
                    "email": "anant@php.net",
                    "role": "Developer"
                }
            ],
            "description": "A simple library to encode and decode JSON Web Tokens (JWT) in PHP. Should conform to the current spec.",
            "homepage": "https://github.com/firebase/php-jwt",
            "time": "2015-07-22 18:31:08"
        },
        {
            "name": "psr/log",
            "version": "1.0.0",
            "source": {
                "type": "git",
                "url": "https://github.com/php-fig/log.git",
                "reference": "fe0936ee26643249e916849d48e3a51d5f5e278b"
            },
            "dist": {
                "type": "zip",
                "url": "https://api.github.com/repos/php-fig/log/zipball/fe0936ee26643249e916849d48e3a51d5f5e278b",
                "reference": "fe0936ee26643249e916849d48e3a51d5f5e278b",
                "shasum": ""
            },
            "type": "library",
            "autoload": {
                "psr-0": {
                    "Psr\\Log\\": ""
                }
            },
            "notification-url": "https://packagist.org/downloads/",
            "license": [
                "MIT"
            ],
            "authors": [
                {
                    "name": "PHP-FIG",
                    "homepage": "http://www.php-fig.org/"
                }
            ],
            "description": "Common interface for logging libraries",
            "keywords": [
                "log",
                "psr",
                "psr-3"
            ],
            "time": "2012-12-21 11:40:51"
        },
        {
            "name": "slim/logger",
            "version": "0.1.0",
            "source": {
                "type": "git",
                "url": "https://github.com/codeguy/Slim-Logger.git",
                "reference": "ad3a2e62236f5d37056de9a4586659edc8164937"
            },
            "dist": {
                "type": "zip",
                "url": "https://api.github.com/repos/codeguy/Slim-Logger/zipball/ad3a2e62236f5d37056de9a4586659edc8164937",
                "reference": "ad3a2e62236f5d37056de9a4586659edc8164937",
                "shasum": ""
            },
            "require": {
                "php": ">=5.3.0",
                "slim/slim": ">=2.4.0"
            },
            "type": "library",
            "autoload": {
                "psr-4": {
                    "Slim\\Logger\\": ""
                }
            },
            "notification-url": "https://packagist.org/downloads/",
            "license": [
                "MIT"
            ],
            "authors": [
                {
                    "name": "Josh Lockhart",
                    "email": "info@joshlockhart.com",
                    "homepage": "http://www.joshlockhart.com/"
                }
            ],
            "description": "Slim Framework logger",
            "time": "2014-07-16 20:11:26"
        },
        {
            "name": "slim/middleware",
            "version": "1.0.0",
            "source": {
                "type": "git",
                "url": "https://github.com/slimphp/Slim-Middleware.git",
                "reference": "1190251a89a3044eda9d16dcb456dc92dba2d0c8"
            },
            "dist": {
                "type": "zip",
                "url": "https://api.github.com/repos/slimphp/Slim-Middleware/zipball/1190251a89a3044eda9d16dcb456dc92dba2d0c8",
                "reference": "1190251a89a3044eda9d16dcb456dc92dba2d0c8",
                "shasum": ""
            },
            "require": {
                "php": ">=5.3.0",
                "slim/slim": ">=2.3.0"
            },
            "type": "library",
            "autoload": {
                "psr-0": {
                    "Slim": "./src"
                }
            },
            "notification-url": "https://packagist.org/downloads/",
            "license": [
                "MIT"
            ],
            "authors": [
                {
                    "name": "Josh Lockhart",
                    "email": "info@joshlockhart.com",
                    "homepage": "http://www.joshlockhart.com/"
                }
            ],
            "description": "Slim Framework middleware",
            "homepage": "http://github.com/codeguy/Slim",
            "keywords": [
                "middleware",
                "slim"
            ],
            "time": "2013-09-18 18:13:40"
        },
        {
            "name": "slim/slim",
            "version": "2.6.2",
            "source": {
                "type": "git",
                "url": "https://github.com/slimphp/Slim.git",
                "reference": "20a02782f76830b67ae56a5c08eb1f563c351a37"
            },
            "dist": {
                "type": "zip",
                "url": "https://api.github.com/repos/slimphp/Slim/zipball/20a02782f76830b67ae56a5c08eb1f563c351a37",
                "reference": "20a02782f76830b67ae56a5c08eb1f563c351a37",
                "shasum": ""
            },
            "require": {
                "php": ">=5.3.0"
            },
            "suggest": {
                "ext-mcrypt": "Required for HTTP cookie encryption"
            },
            "type": "library",
            "autoload": {
                "psr-0": {
                    "Slim": "."
                }
            },
            "notification-url": "https://packagist.org/downloads/",
            "license": [
                "MIT"
            ],
            "authors": [
                {
                    "name": "Josh Lockhart",
                    "email": "info@joshlockhart.com",
                    "homepage": "http://www.joshlockhart.com/"
                }
            ],
            "description": "Slim Framework, a PHP micro framework",
            "homepage": "http://github.com/codeguy/Slim",
            "keywords": [
                "microframework",
                "rest",
                "router"
            ],
            "time": "2015-03-08 18:41:17"
        },
        {
            "name": "tuupola/slim-jwt-auth",
            "version": "1.0.1",
            "source": {
                "type": "git",
                "url": "https://github.com/tuupola/slim-jwt-auth.git",
                "reference": "9923f764a5a447f6d8da8f9d822cd4e2500f99fe"
            },
            "dist": {
                "type": "zip",
                "url": "https://api.github.com/repos/tuupola/slim-jwt-auth/zipball/9923f764a5a447f6d8da8f9d822cd4e2500f99fe",
                "reference": "9923f764a5a447f6d8da8f9d822cd4e2500f99fe",
                "shasum": ""
            },
            "require": {
                "firebase/php-jwt": "^3.0",
                "php": ">=5.3.0",
                "psr/log": "~1.0",
                "slim/slim": "~2.3"
            },
            "require-dev": {
                "phpunit/phpunit": "~4.6",
                "squizlabs/php_codesniffer": "~2.3"
            },
            "type": "library",
            "autoload": {
                "psr-4": {
                    "Slim\\Middleware\\": "src"
                }
            },
            "notification-url": "https://packagist.org/downloads/",
            "license": [
                "MIT"
            ],
            "authors": [
                {
                    "name": "Mika Tuupola",
                    "email": "tuupola@appelsiini.net",
                    "homepage": "http://www.appelsiini.net/",
                    "role": "Developer"
                }
            ],
            "description": "JSON Web Token Authorization Middleware for Slim Framework",
            "homepage": "https://github.com/tuupola/slim-jwt-auth",
            "keywords": [
                "auth",
                "json",
                "jwt",
                "middleware",
                "slim"
            ],
            "time": "2015-10-01 13:42:36"
        }
    ],
    "packages-dev": [],
    "aliases": [],
    "minimum-stability": "stable",
    "stability-flags": [],
    "prefer-stable": false,
    "prefer-lowest": false,
    "platform": [],
    "platform-dev": []
}
